// !$*UTF8*$!
{
	archiveVersion = 1;
	classes = {
	};
	objectVersion = 50;
	objects = {

/* Begin PBXBuildFile section */
		D954863D265BFAB100C0557F /* AppDelegate.swift in Sources */ = {isa = PBXBuildFile; fileRef = D954863C265BFAB100C0557F /* AppDelegate.swift */; };
		D954863F265BFAB100C0557F /* SceneDelegate.swift in Sources */ = {isa = PBXBuildFile; fileRef = D954863E265BFAB100C0557F /* SceneDelegate.swift */; };
		D9548641265BFAB100C0557F /* BrowseEventsVC.swift in Sources */ = {isa = PBXBuildFile; fileRef = D9548640265BFAB100C0557F /* BrowseEventsVC.swift */; };
		D9548644265BFAB100C0557F /* Main.storyboard in Resources */ = {isa = PBXBuildFile; fileRef = D9548642265BFAB100C0557F /* Main.storyboard */; };
		D9548646265BFAB300C0557F /* Assets.xcassets in Resources */ = {isa = PBXBuildFile; fileRef = D9548645265BFAB300C0557F /* Assets.xcassets */; };
		D9548649265BFAB300C0557F /* LaunchScreen.storyboard in Resources */ = {isa = PBXBuildFile; fileRef = D9548647265BFAB300C0557F /* LaunchScreen.storyboard */; };
		D9548656265BFB4500C0557F /* Event.swift in Sources */ = {isa = PBXBuildFile; fileRef = D9548655265BFB4500C0557F /* Event.swift */; };
		D9548659265C17EB00C0557F /* BrowseEventTableViewCell.swift in Sources */ = {isa = PBXBuildFile; fileRef = D9548658265C17EB00C0557F /* BrowseEventTableViewCell.swift */; };
		D954865C265C187E00C0557F /* String+DateFormatter.swift in Sources */ = {isa = PBXBuildFile; fileRef = D954865B265C187E00C0557F /* String+DateFormatter.swift */; };
		D954865E265C18AC00C0557F /* UIImageView+LoadURL.swift in Sources */ = {isa = PBXBuildFile; fileRef = D954865D265C18AC00C0557F /* UIImageView+LoadURL.swift */; };
		D9548661265C197900C0557F /* LikeBarButton.swift in Sources */ = {isa = PBXBuildFile; fileRef = D9548660265C197900C0557F /* LikeBarButton.swift */; };
		D9548664265C19B300C0557F /* DisplayImageView.swift in Sources */ = {isa = PBXBuildFile; fileRef = D9548663265C19B300C0557F /* DisplayImageView.swift */; };
		D9548667265C19F200C0557F /* UserDefaults.swift in Sources */ = {isa = PBXBuildFile; fileRef = D9548666265C19F200C0557F /* UserDefaults.swift */; };
		D954866A265C1A2B00C0557F /* BrowseVC + UITableView.swift in Sources */ = {isa = PBXBuildFile; fileRef = D9548669265C1A2B00C0557F /* BrowseVC + UITableView.swift */; };
		D954866C265C1B7800C0557F /* BrowseVC+UISearchBar.swift in Sources */ = {isa = PBXBuildFile; fileRef = D954866B265C1B7800C0557F /* BrowseVC+UISearchBar.swift */; };
		D954866F265C1D9800C0557F /* EventDetailVC.swift in Sources */ = {isa = PBXBuildFile; fileRef = D954866E265C1D9800C0557F /* EventDetailVC.swift */; };
		D9548671265C33E400C0557F /* NetworkRequests.swift in Sources */ = {isa = PBXBuildFile; fileRef = D9548670265C33E400C0557F /* NetworkRequests.swift */; };
		D961E06F265C4285004F5C6F /* AlertView.swift in Sources */ = {isa = PBXBuildFile; fileRef = D961E06E265C4285004F5C6F /* AlertView.swift */; };
		D96EAF27265D428D001EADE1 /* HapticFeedback.swift in Sources */ = {isa = PBXBuildFile; fileRef = D96EAF26265D428D001EADE1 /* HapticFeedback.swift */; };
/* End PBXBuildFile section */

/* Begin PBXFileReference section */
		D9548639265BFAB100C0557F /* fetch_rewards_code_exercise.app */ = {isa = PBXFileReference; explicitFileType = wrapper.application; includeInIndex = 0; path = fetch_rewards_code_exercise.app; sourceTree = BUILT_PRODUCTS_DIR; };
		D954863C265BFAB100C0557F /* AppDelegate.swift */ = {isa = PBXFileReference; lastKnownFileType = sourcecode.swift; path = AppDelegate.swift; sourceTree = "<group>"; };
		D954863E265BFAB100C0557F /* SceneDelegate.swift */ = {isa = PBXFileReference; lastKnownFileType = sourcecode.swift; path = SceneDelegate.swift; sourceTree = "<group>"; };
		D9548640265BFAB100C0557F /* BrowseEventsVC.swift */ = {isa = PBXFileReference; lastKnownFileType = sourcecode.swift; path = BrowseEventsVC.swift; sourceTree = "<group>"; };
		D9548643265BFAB100C0557F /* Base */ = {isa = PBXFileReference; lastKnownFileType = file.storyboard; name = Base; path = Base.lproj/Main.storyboard; sourceTree = "<group>"; };
		D9548645265BFAB300C0557F /* Assets.xcassets */ = {isa = PBXFileReference; lastKnownFileType = folder.assetcatalog; path = Assets.xcassets; sourceTree = "<group>"; };
		D9548648265BFAB300C0557F /* Base */ = {isa = PBXFileReference; lastKnownFileType = file.storyboard; name = Base; path = Base.lproj/LaunchScreen.storyboard; sourceTree = "<group>"; };
		D954864A265BFAB300C0557F /* Info.plist */ = {isa = PBXFileReference; lastKnownFileType = text.plist.xml; path = Info.plist; sourceTree = "<group>"; };
		D9548655265BFB4500C0557F /* Event.swift */ = {isa = PBXFileReference; lastKnownFileType = sourcecode.swift; path = Event.swift; sourceTree = "<group>"; };
		D9548658265C17EB00C0557F /* BrowseEventTableViewCell.swift */ = {isa = PBXFileReference; lastKnownFileType = sourcecode.swift; path = BrowseEventTableViewCell.swift; sourceTree = "<group>"; };
		D954865B265C187E00C0557F /* String+DateFormatter.swift */ = {isa = PBXFileReference; lastKnownFileType = sourcecode.swift; path = "String+DateFormatter.swift"; sourceTree = "<group>"; };
		D954865D265C18AC00C0557F /* UIImageView+LoadURL.swift */ = {isa = PBXFileReference; lastKnownFileType = sourcecode.swift; path = "UIImageView+LoadURL.swift"; sourceTree = "<group>"; };
		D9548660265C197900C0557F /* LikeBarButton.swift */ = {isa = PBXFileReference; lastKnownFileType = sourcecode.swift; path = LikeBarButton.swift; sourceTree = "<group>"; };
		D9548663265C19B300C0557F /* DisplayImageView.swift */ = {isa = PBXFileReference; lastKnownFileType = sourcecode.swift; path = DisplayImageView.swift; sourceTree = "<group>"; };
		D9548666265C19F200C0557F /* UserDefaults.swift */ = {isa = PBXFileReference; lastKnownFileType = sourcecode.swift; path = UserDefaults.swift; sourceTree = "<group>"; };
		D9548669265C1A2B00C0557F /* BrowseVC + UITableView.swift */ = {isa = PBXFileReference; lastKnownFileType = sourcecode.swift; path = "BrowseVC + UITableView.swift"; sourceTree = "<group>"; };
		D954866B265C1B7800C0557F /* BrowseVC+UISearchBar.swift */ = {isa = PBXFileReference; lastKnownFileType = sourcecode.swift; path = "BrowseVC+UISearchBar.swift"; sourceTree = "<group>"; };
		D954866E265C1D9800C0557F /* EventDetailVC.swift */ = {isa = PBXFileReference; lastKnownFileType = sourcecode.swift; path = EventDetailVC.swift; sourceTree = "<group>"; };
		D9548670265C33E400C0557F /* NetworkRequests.swift */ = {isa = PBXFileReference; lastKnownFileType = sourcecode.swift; path = NetworkRequests.swift; sourceTree = "<group>"; };
		D961E06E265C4285004F5C6F /* AlertView.swift */ = {isa = PBXFileReference; lastKnownFileType = sourcecode.swift; path = AlertView.swift; sourceTree = "<group>"; };
		D96EAF26265D428D001EADE1 /* HapticFeedback.swift */ = {isa = PBXFileReference; lastKnownFileType = sourcecode.swift; path = HapticFeedback.swift; sourceTree = "<group>"; };
/* End PBXFileReference section */

/* Begin PBXFrameworksBuildPhase section */
		D9548636265BFAB100C0557F /* Frameworks */ = {
			isa = PBXFrameworksBuildPhase;
			buildActionMask = 2147483647;
			files = (
			);
			runOnlyForDeploymentPostprocessing = 0;
		};
/* End PBXFrameworksBuildPhase section */

/* Begin PBXGroup section */
		D9548630265BFAB100C0557F = {
			isa = PBXGroup;
			children = (
				D954863B265BFAB100C0557F /* fetch_rewards_code_exercise */,
				D954863A265BFAB100C0557F /* Products */,
			);
			sourceTree = "<group>";
		};
		D954863A265BFAB100C0557F /* Products */ = {
			isa = PBXGroup;
			children = (
				D9548639265BFAB100C0557F /* fetch_rewards_code_exercise.app */,
			);
			name = Products;
			sourceTree = "<group>";
		};
		D954863B265BFAB100C0557F /* fetch_rewards_code_exercise */ = {
			isa = PBXGroup;
			children = (
				D9548652265BFAF800C0557F /* Global */,
				D9548651265BFAF100C0557F /* EventDetails */,
				D9548650265BFAE600C0557F /* BrowseEvents */,
				D9548645265BFAB300C0557F /* Assets.xcassets */,
				D9548647265BFAB300C0557F /* LaunchScreen.storyboard */,
				D954864A265BFAB300C0557F /* Info.plist */,
			);
			path = fetch_rewards_code_exercise;
			sourceTree = "<group>";
		};
		D9548650265BFAE600C0557F /* BrowseEvents */ = {
			isa = PBXGroup;
			children = (
				D9548657265C17D200C0557F /* Views */,
				D9548653265BFB0100C0557F /* Controllers */,
			);
			path = BrowseEvents;
			sourceTree = "<group>";
		};
		D9548651265BFAF100C0557F /* EventDetails */ = {
			isa = PBXGroup;
			children = (
				D954866D265C1D7E00C0557F /* Controllers */,
				D954865F265C196A00C0557F /* Views */,
			);
			path = EventDetails;
			sourceTree = "<group>";
		};
		D9548652265BFAF800C0557F /* Global */ = {
			isa = PBXGroup;
			children = (
				D96EAF28265D8FD2001EADE1 /* Controllers */,
				D9548665265C19E900C0557F /* Service */,
				D9548662265C19AA00C0557F /* Views */,
				D9548654265BFB3600C0557F /* Models */,
				D954863C265BFAB100C0557F /* AppDelegate.swift */,
				D954863E265BFAB100C0557F /* SceneDelegate.swift */,
				D9548642265BFAB100C0557F /* Main.storyboard */,
			);
			path = Global;
			sourceTree = "<group>";
		};
		D9548653265BFB0100C0557F /* Controllers */ = {
			isa = PBXGroup;
			children = (
				D9548668265C1A0E00C0557F /* Extensions */,
				D9548640265BFAB100C0557F /* BrowseEventsVC.swift */,
			);
			path = Controllers;
			sourceTree = "<group>";
		};
		D9548654265BFB3600C0557F /* Models */ = {
			isa = PBXGroup;
			children = (
				D9548655265BFB4500C0557F /* Event.swift */,
			);
			path = Models;
			sourceTree = "<group>";
		};
		D9548657265C17D200C0557F /* Views */ = {
			isa = PBXGroup;
			children = (
				D9548658265C17EB00C0557F /* BrowseEventTableViewCell.swift */,
			);
			path = Views;
			sourceTree = "<group>";
		};
		D954865A265C186000C0557F /* Extensions */ = {
			isa = PBXGroup;
			children = (
				D954865B265C187E00C0557F /* String+DateFormatter.swift */,
				D954865D265C18AC00C0557F /* UIImageView+LoadURL.swift */,
			);
			path = Extensions;
			sourceTree = "<group>";
		};
		D954865F265C196A00C0557F /* Views */ = {
			isa = PBXGroup;
			children = (
				D9548660265C197900C0557F /* LikeBarButton.swift */,
			);
			path = Views;
			sourceTree = "<group>";
		};
		D9548662265C19AA00C0557F /* Views */ = {
			isa = PBXGroup;
			children = (
				D954865A265C186000C0557F /* Extensions */,
				D9548663265C19B300C0557F /* DisplayImageView.swift */,
				D961E06E265C4285004F5C6F /* AlertView.swift */,
			);
			path = Views;
			sourceTree = "<group>";
		};
		D9548665265C19E900C0557F /* Service */ = {
			isa = PBXGroup;
			children = (
				D9548666265C19F200C0557F /* UserDefaults.swift */,
				D9548670265C33E400C0557F /* NetworkRequests.swift */,
			);
			path = Service;
			sourceTree = "<group>";
		};
		D9548668265C1A0E00C0557F /* Extensions */ = {
			isa = PBXGroup;
			children = (
				D9548669265C1A2B00C0557F /* BrowseVC + UITableView.swift */,
				D954866B265C1B7800C0557F /* BrowseVC+UISearchBar.swift */,
			);
			path = Extensions;
			sourceTree = "<group>";
		};
		D954866D265C1D7E00C0557F /* Controllers */ = {
			isa = PBXGroup;
			children = (
				D954866E265C1D9800C0557F /* EventDetailVC.swift */,
			);
			path = Controllers;
			sourceTree = "<group>";
		};
		D96EAF28265D8FD2001EADE1 /* Controllers */ = {
			isa = PBXGroup;
			children = (
				D96EAF26265D428D001EADE1 /* HapticFeedback.swift */,
			);
			path = Controllers;
			sourceTree = "<group>";
		};
/* End PBXGroup section */

/* Begin PBXNativeTarget section */
		D9548638265BFAB100C0557F /* fetch_rewards_code_exercise */ = {
			isa = PBXNativeTarget;
			buildConfigurationList = D954864D265BFAB300C0557F /* Build configuration list for PBXNativeTarget "fetch_rewards_code_exercise" */;
			buildPhases = (
				D9548635265BFAB100C0557F /* Sources */,
				D9548636265BFAB100C0557F /* Frameworks */,
				D9548637265BFAB100C0557F /* Resources */,
			);
			buildRules = (
			);
			dependencies = (
			);
			name = fetch_rewards_code_exercise;
			productName = fetch_rewards_code_exercise;
			productReference = D9548639265BFAB100C0557F /* fetch_rewards_code_exercise.app */;
			productType = "com.apple.product-type.application";
		};
/* End PBXNativeTarget section */

/* Begin PBXProject section */
		D9548631265BFAB100C0557F /* Project object */ = {
			isa = PBXProject;
			attributes = {
				LastSwiftUpdateCheck = 1250;
				LastUpgradeCheck = 1250;
				TargetAttributes = {
					D9548638265BFAB100C0557F = {
						CreatedOnToolsVersion = 12.5;
					};
				};
			};
			buildConfigurationList = D9548634265BFAB100C0557F /* Build configuration list for PBXProject "fetch_rewards_code_exercise" */;
			compatibilityVersion = "Xcode 9.3";
			developmentRegion = en;
			hasScannedForEncodings = 0;
			knownRegions = (
				en,
				Base,
			);
			mainGroup = D9548630265BFAB100C0557F;
			productRefGroup = D954863A265BFAB100C0557F /* Products */;
			projectDirPath = "";
			projectRoot = "";
			targets = (
				D9548638265BFAB100C0557F /* fetch_rewards_code_exercise */,
			);
		};
/* End PBXProject section */

/* Begin PBXResourcesBuildPhase section */
		D9548637265BFAB100C0557F /* Resources */ = {
			isa = PBXResourcesBuildPhase;
			buildActionMask = 2147483647;
			files = (
				D9548649265BFAB300C0557F /* LaunchScreen.storyboard in Resources */,
				D9548646265BFAB300C0557F /* Assets.xcassets in Resources */,
				D9548644265BFAB100C0557F /* Main.storyboard in Resources */,
			);
			runOnlyForDeploymentPostprocessing = 0;
		};
/* End PBXResourcesBuildPhase section */

/* Begin PBXSourcesBuildPhase section */
		D9548635265BFAB100C0557F /* Sources */ = {
			isa = PBXSourcesBuildPhase;
			buildActionMask = 2147483647;
			files = (
				D954866C265C1B7800C0557F /* BrowseVC+UISearchBar.swift in Sources */,
				D9548664265C19B300C0557F /* DisplayImageView.swift in Sources */,
				D9548671265C33E400C0557F /* NetworkRequests.swift in Sources */,
				D954865E265C18AC00C0557F /* UIImageView+LoadURL.swift in Sources */,
				D954866F265C1D9800C0557F /* EventDetailVC.swift in Sources */,
				D961E06F265C4285004F5C6F /* AlertView.swift in Sources */,
				D9548656265BFB4500C0557F /* Event.swift in Sources */,
				D9548659265C17EB00C0557F /* BrowseEventTableViewCell.swift in Sources */,
				D9548641265BFAB100C0557F /* BrowseEventsVC.swift in Sources */,
				D9548661265C197900C0557F /* LikeBarButton.swift in Sources */,
				D9548667265C19F200C0557F /* UserDefaults.swift in Sources */,
				D954866A265C1A2B00C0557F /* BrowseVC + UITableView.swift in Sources */,
				D954865C265C187E00C0557F /* String+DateFormatter.swift in Sources */,
				D96EAF27265D428D001EADE1 /* HapticFeedback.swift in Sources */,
				D954863D265BFAB100C0557F /* AppDelegate.swift in Sources */,
				D954863F265BFAB100C0557F /* SceneDelegate.swift in Sources */,
			);
			runOnlyForDeploymentPostprocessing = 0;
		};
/* End PBXSourcesBuildPhase section */

/* Begin PBXVariantGroup section */
		D9548642265BFAB100C0557F /* Main.storyboard */ = {
			isa = PBXVariantGroup;
			children = (
				D9548643265BFAB100C0557F /* Base */,
			);
			name = Main.storyboard;
			sourceTree = "<group>";
		};
		D9548647265BFAB300C0557F /* LaunchScreen.storyboard */ = {
			isa = PBXVariantGroup;
			children = (
				D9548648265BFAB300C0557F /* Base */,
			);
			name = LaunchScreen.storyboard;
			sourceTree = "<group>";
		};
/* End PBXVariantGroup section */

/* Begin XCBuildConfiguration section */
		D954864B265BFAB300C0557F /* Debug */ = {
			isa = XCBuildConfiguration;
			buildSettings = {
				ALWAYS_SEARCH_USER_PATHS = NO;
				CLANG_ANALYZER_NONNULL = YES;
				CLANG_ANALYZER_NUMBER_OBJECT_CONVERSION = YES_AGGRESSIVE;
				CLANG_CXX_LANGUAGE_STANDARD = "gnu++14";
				CLANG_CXX_LIBRARY = "libc++";
				CLANG_ENABLE_MODULES = YES;
				CLANG_ENABLE_OBJC_ARC = YES;
				CLANG_ENABLE_OBJC_WEAK = YES;
				CLANG_WARN_BLOCK_CAPTURE_AUTORELEASING = YES;
				CLANG_WARN_BOOL_CONVERSION = YES;
				CLANG_WARN_COMMA = YES;
				CLANG_WARN_CONSTANT_CONVERSION = YES;
				CLANG_WARN_DEPRECATED_OBJC_IMPLEMENTATIONS = YES;
				CLANG_WARN_DIRECT_OBJC_ISA_USAGE = YES_ERROR;
				CLANG_WARN_DOCUMENTATION_COMMENTS = YES;
				CLANG_WARN_EMPTY_BODY = YES;
				CLANG_WARN_ENUM_CONVERSION = YES;
				CLANG_WARN_INFINITE_RECURSION = YES;
				CLANG_WARN_INT_CONVERSION = YES;
				CLANG_WARN_NON_LITERAL_NULL_CONVERSION = YES;
				CLANG_WARN_OBJC_IMPLICIT_RETAIN_SELF = YES;
				CLANG_WARN_OBJC_LITERAL_CONVERSION = YES;
				CLANG_WARN_OBJC_ROOT_CLASS = YES_ERROR;
				CLANG_WARN_QUOTED_INCLUDE_IN_FRAMEWORK_HEADER = YES;
				CLANG_WARN_RANGE_LOOP_ANALYSIS = YES;
				CLANG_WARN_STRICT_PROTOTYPES = YES;
				CLANG_WARN_SUSPICIOUS_MOVE = YES;
				CLANG_WARN_UNGUARDED_AVAILABILITY = YES_AGGRESSIVE;
				CLANG_WARN_UNREACHABLE_CODE = YES;
				CLANG_WARN__DUPLICATE_METHOD_MATCH = YES;
				COPY_PHASE_STRIP = NO;
				DEBUG_INFORMATION_FORMAT = dwarf;
				ENABLE_STRICT_OBJC_MSGSEND = YES;
				ENABLE_TESTABILITY = YES;
				GCC_C_LANGUAGE_STANDARD = gnu11;
				GCC_DYNAMIC_NO_PIC = NO;
				GCC_NO_COMMON_BLOCKS = YES;
				GCC_OPTIMIZATION_LEVEL = 0;
				GCC_PREPROCESSOR_DEFINITIONS = (
					"DEBUG=1",
					"$(inherited)",
				);
				GCC_WARN_64_TO_32_BIT_CONVERSION = YES;
				GCC_WARN_ABOUT_RETURN_TYPE = YES_ERROR;
				GCC_WARN_UNDECLARED_SELECTOR = YES;
				GCC_WARN_UNINITIALIZED_AUTOS = YES_AGGRESSIVE;
				GCC_WARN_UNUSED_FUNCTION = YES;
				GCC_WARN_UNUSED_VARIABLE = YES;
				IPHONEOS_DEPLOYMENT_TARGET = 14.5;
				MTL_ENABLE_DEBUG_INFO = INCLUDE_SOURCE;
				MTL_FAST_MATH = YES;
				ONLY_ACTIVE_ARCH = YES;
				SDKROOT = iphoneos;
				SWIFT_ACTIVE_COMPILATION_CONDITIONS = DEBUG;
				SWIFT_OPTIMIZATION_LEVEL = "-Onone";
			};
			name = Debug;
		};
		D954864C265BFAB300C0557F /* Release */ = {
			isa = XCBuildConfiguration;
			buildSettings = {
				ALWAYS_SEARCH_USER_PATHS = NO;
				CLANG_ANALYZER_NONNULL = YES;
				CLANG_ANALYZER_NUMBER_OBJECT_CONVERSION = YES_AGGRESSIVE;
				CLANG_CXX_LANGUAGE_STANDARD = "gnu++14";
				CLANG_CXX_LIBRARY = "libc++";
				CLANG_ENABLE_MODULES = YES;
				CLANG_ENABLE_OBJC_ARC = YES;
				CLANG_ENABLE_OBJC_WEAK = YES;
				CLANG_WARN_BLOCK_CAPTURE_AUTORELEASING = YES;
				CLANG_WARN_BOOL_CONVERSION = YES;
				CLANG_WARN_COMMA = YES;
				CLANG_WARN_CONSTANT_CONVERSION = YES;
				CLANG_WARN_DEPRECATED_OBJC_IMPLEMENTATIONS = YES;
				CLANG_WARN_DIRECT_OBJC_ISA_USAGE = YES_ERROR;
				CLANG_WARN_DOCUMENTATION_COMMENTS = YES;
				CLANG_WARN_EMPTY_BODY = YES;
				CLANG_WARN_ENUM_CONVERSION = YES;
				CLANG_WARN_INFINITE_RECURSION = YES;
				CLANG_WARN_INT_CONVERSION = YES;
				CLANG_WARN_NON_LITERAL_NULL_CONVERSION = YES;
				CLANG_WARN_OBJC_IMPLICIT_RETAIN_SELF = YES;
				CLANG_WARN_OBJC_LITERAL_CONVERSION = YES;
				CLANG_WARN_OBJC_ROOT_CLASS = YES_ERROR;
				CLANG_WARN_QUOTED_INCLUDE_IN_FRAMEWORK_HEADER = YES;
				CLANG_WARN_RANGE_LOOP_ANALYSIS = YES;
				CLANG_WARN_STRICT_PROTOTYPES = YES;
				CLANG_WARN_SUSPICIOUS_MOVE = YES;
				CLANG_WARN_UNGUARDED_AVAILABILITY = YES_AGGRESSIVE;
				CLANG_WARN_UNREACHABLE_CODE = YES;
				CLANG_WARN__DUPLICATE_METHOD_MATCH = YES;
				COPY_PHASE_STRIP = NO;
				DEBUG_INFORMATION_FORMAT = "dwarf-with-dsym";
				ENABLE_NS_ASSERTIONS = NO;
				ENABLE_STRICT_OBJC_MSGSEND = YES;
				GCC_C_LANGUAGE_STANDARD = gnu11;
				GCC_NO_COMMON_BLOCKS = YES;
				GCC_WARN_64_TO_32_BIT_CONVERSION = YES;
				GCC_WARN_ABOUT_RETURN_TYPE = YES_ERROR;
				GCC_WARN_UNDECLARED_SELECTOR = YES;
				GCC_WARN_UNINITIALIZED_AUTOS = YES_AGGRESSIVE;
				GCC_WARN_UNUSED_FUNCTION = YES;
				GCC_WARN_UNUSED_VARIABLE = YES;
				IPHONEOS_DEPLOYMENT_TARGET = 14.5;
				MTL_ENABLE_DEBUG_INFO = NO;
				MTL_FAST_MATH = YES;
				SDKROOT = iphoneos;
				SWIFT_COMPILATION_MODE = wholemodule;
				SWIFT_OPTIMIZATION_LEVEL = "-O";
				VALIDATE_PRODUCT = YES;
			};
			name = Release;
		};
		D954864E265BFAB300C0557F /* Debug */ = {
			isa = XCBuildConfiguration;
			buildSettings = {
				ASSETCATALOG_COMPILER_APPICON_NAME = AppIcon;
				ASSETCATALOG_COMPILER_GLOBAL_ACCENT_COLOR_NAME = AccentColor;
				CODE_SIGN_STYLE = Automatic;
				DEVELOPMENT_TEAM = 77BY68R34P;
				INFOPLIST_FILE = fetch_rewards_code_exercise/Info.plist;
				IPHONEOS_DEPLOYMENT_TARGET = 11.4;
				LD_RUNPATH_SEARCH_PATHS = (
					"$(inherited)",
					"@executable_path/Frameworks",
				);
				PRODUCT_BUNDLE_IDENTIFIER = "com.wilcoxcam.fetch-rewards-code-exercise";
				PRODUCT_NAME = "$(TARGET_NAME)";
				SWIFT_VERSION = 5.0;
				TARGETED_DEVICE_FAMILY = 1;
			};
			name = Debug;
		};
		D954864F265BFAB300C0557F /* Release */ = {
			isa = XCBuildConfiguration;
			buildSettings = {
				ASSETCATALOG_COMPILER_APPICON_NAME = AppIcon;
				ASSETCATALOG_COMPILER_GLOBAL_ACCENT_COLOR_NAME = AccentColor;
				CODE_SIGN_STYLE = Automatic;
				DEVELOPMENT_TEAM = 77BY68R34P;
				INFOPLIST_FILE = fetch_rewards_code_exercise/Info.plist;
				IPHONEOS_DEPLOYMENT_TARGET = 11.4;
				LD_RUNPATH_SEARCH_PATHS = (
					"$(inherited)",
					"@executable_path/Frameworks",
				);
				PRODUCT_BUNDLE_IDENTIFIER = "com.wilcoxcam.fetch-rewards-code-exercise";
				PRODUCT_NAME = "$(TARGET_NAME)";
				SWIFT_VERSION = 5.0;
				TARGETED_DEVICE_FAMILY = 1;
			};
			name = Release;
		};
/* End XCBuildConfiguration section */

/* Begin XCConfigurationList section */
		D9548634265BFAB100C0557F /* Build configuration list for PBXProject "fetch_rewards_code_exercise" */ = {
			isa = XCConfigurationList;
			buildConfigurations = (
				D954864B265BFAB300C0557F /* Debug */,
				D954864C265BFAB300C0557F /* Release */,
			);
			defaultConfigurationIsVisible = 0;
			defaultConfigurationName = Release;
		};
		D954864D265BFAB300C0557F /* Build configuration list for PBXNativeTarget "fetch_rewards_code_exercise" */ = {
			isa = XCConfigurationList;
			buildConfigurations = (
				D954864E265BFAB300C0557F /* Debug */,
				D954864F265BFAB300C0557F /* Release */,
			);
			defaultConfigurationIsVisible = 0;
			defaultConfigurationName = Release;
		};
/* End XCConfigurationList section */
	};
	rootObject = D9548631265BFAB100C0557F /* Project object */;
}
